// !$*UTF8*$!
{
	archiveVersion = 1;
	classes = {
	};
	objectVersion = 55;
	objects = {

/* Begin PBXBuildFile section */
		D356B62D27FCCAB9003ED68F /* AppDelegate.swift in Sources */ = {isa = PBXBuildFile; fileRef = D356B62C27FCCAB9003ED68F /* AppDelegate.swift */; };
		D356B62F27FCCAB9003ED68F /* SceneDelegate.swift in Sources */ = {isa = PBXBuildFile; fileRef = D356B62E27FCCAB9003ED68F /* SceneDelegate.swift */; };
		D356B63127FCCAB9003ED68F /* ViewController.swift in Sources */ = {isa = PBXBuildFile; fileRef = D356B63027FCCAB9003ED68F /* ViewController.swift */; };
		D356B63427FCCAB9003ED68F /* Main.storyboard in Resources */ = {isa = PBXBuildFile; fileRef = D356B63227FCCAB9003ED68F /* Main.storyboard */; };
		D356B63727FCCAB9003ED68F /* FilmeNormal.xcdatamodeld in Sources */ = {isa = PBXBuildFile; fileRef = D356B63527FCCAB9003ED68F /* FilmeNormal.xcdatamodeld */; };
		D356B63927FCCAB9003ED68F /* Assets.xcassets in Resources */ = {isa = PBXBuildFile; fileRef = D356B63827FCCAB9003ED68F /* Assets.xcassets */; };
		D356B63C27FCCAB9003ED68F /* LaunchScreen.storyboard in Resources */ = {isa = PBXBuildFile; fileRef = D356B63A27FCCAB9003ED68F /* LaunchScreen.storyboard */; };
		D356B64727FCCABA003ED68F /* FilmeNormalTests.swift in Sources */ = {isa = PBXBuildFile; fileRef = D356B64627FCCABA003ED68F /* FilmeNormalTests.swift */; };
		D356B65127FCCABA003ED68F /* FilmeNormalUITests.swift in Sources */ = {isa = PBXBuildFile; fileRef = D356B65027FCCABA003ED68F /* FilmeNormalUITests.swift */; };
		D356B65327FCCABA003ED68F /* FilmeNormalUITestsLaunchTests.swift in Sources */ = {isa = PBXBuildFile; fileRef = D356B65227FCCABA003ED68F /* FilmeNormalUITestsLaunchTests.swift */; };
		D356B66027FCEC2C003ED68F /* SegundaTelaViewController.swift in Sources */ = {isa = PBXBuildFile; fileRef = D356B65F27FCEC2C003ED68F /* SegundaTelaViewController.swift */; };
		D356B66227FCF856003ED68F /* TabelaViewController.swift in Sources */ = {isa = PBXBuildFile; fileRef = D356B66127FCF856003ED68F /* TabelaViewController.swift */; };
/* End PBXBuildFile section */

/* Begin PBXContainerItemProxy section */
		D356B64327FCCABA003ED68F /* PBXContainerItemProxy */ = {
			isa = PBXContainerItemProxy;
			containerPortal = D356B62127FCCAB9003ED68F /* Project object */;
			proxyType = 1;
			remoteGlobalIDString = D356B62827FCCAB9003ED68F;
			remoteInfo = FilmeNormal;
		};
		D356B64D27FCCABA003ED68F /* PBXContainerItemProxy */ = {
			isa = PBXContainerItemProxy;
			containerPortal = D356B62127FCCAB9003ED68F /* Project object */;
			proxyType = 1;
			remoteGlobalIDString = D356B62827FCCAB9003ED68F;
			remoteInfo = FilmeNormal;
		};
/* End PBXContainerItemProxy section */

/* Begin PBXFileReference section */
		D356B62927FCCAB9003ED68F /* FilmeNormal.app */ = {isa = PBXFileReference; explicitFileType = wrapper.application; includeInIndex = 0; path = FilmeNormal.app; sourceTree = BUILT_PRODUCTS_DIR; };
		D356B62C27FCCAB9003ED68F /* AppDelegate.swift */ = {isa = PBXFileReference; lastKnownFileType = sourcecode.swift; path = AppDelegate.swift; sourceTree = "<group>"; };
		D356B62E27FCCAB9003ED68F /* SceneDelegate.swift */ = {isa = PBXFileReference; lastKnownFileType = sourcecode.swift; path = SceneDelegate.swift; sourceTree = "<group>"; };
		D356B63027FCCAB9003ED68F /* ViewController.swift */ = {isa = PBXFileReference; lastKnownFileType = sourcecode.swift; path = ViewController.swift; sourceTree = "<group>"; };
		D356B63327FCCAB9003ED68F /* Base */ = {isa = PBXFileReference; lastKnownFileType = file.storyboard; name = Base; path = Base.lproj/Main.storyboard; sourceTree = "<group>"; };
		D356B63627FCCAB9003ED68F /* FilmeNormal.xcdatamodel */ = {isa = PBXFileReference; lastKnownFileType = wrapper.xcdatamodel; path = FilmeNormal.xcdatamodel; sourceTree = "<group>"; };
		D356B63827FCCAB9003ED68F /* Assets.xcassets */ = {isa = PBXFileReference; lastKnownFileType = folder.assetcatalog; path = Assets.xcassets; sourceTree = "<group>"; };
		D356B63B27FCCAB9003ED68F /* Base */ = {isa = PBXFileReference; lastKnownFileType = file.storyboard; name = Base; path = Base.lproj/LaunchScreen.storyboard; sourceTree = "<group>"; };
		D356B63D27FCCAB9003ED68F /* Info.plist */ = {isa = PBXFileReference; lastKnownFileType = text.plist.xml; path = Info.plist; sourceTree = "<group>"; };
		D356B64227FCCABA003ED68F /* FilmeNormalTests.xctest */ = {isa = PBXFileReference; explicitFileType = wrapper.cfbundle; includeInIndex = 0; path = FilmeNormalTests.xctest; sourceTree = BUILT_PRODUCTS_DIR; };
		D356B64627FCCABA003ED68F /* FilmeNormalTests.swift */ = {isa = PBXFileReference; lastKnownFileType = sourcecode.swift; path = FilmeNormalTests.swift; sourceTree = "<group>"; };
		D356B64C27FCCABA003ED68F /* FilmeNormalUITests.xctest */ = {isa = PBXFileReference; explicitFileType = wrapper.cfbundle; includeInIndex = 0; path = FilmeNormalUITests.xctest; sourceTree = BUILT_PRODUCTS_DIR; };
		D356B65027FCCABA003ED68F /* FilmeNormalUITests.swift */ = {isa = PBXFileReference; lastKnownFileType = sourcecode.swift; path = FilmeNormalUITests.swift; sourceTree = "<group>"; };
		D356B65227FCCABA003ED68F /* FilmeNormalUITestsLaunchTests.swift */ = {isa = PBXFileReference; lastKnownFileType = sourcecode.swift; path = FilmeNormalUITestsLaunchTests.swift; sourceTree = "<group>"; };
		D356B65F27FCEC2C003ED68F /* SegundaTelaViewController.swift */ = {isa = PBXFileReference; lastKnownFileType = sourcecode.swift; path = SegundaTelaViewController.swift; sourceTree = "<group>"; };
		D356B66127FCF856003ED68F /* TabelaViewController.swift */ = {isa = PBXFileReference; lastKnownFileType = sourcecode.swift; path = TabelaViewController.swift; sourceTree = "<group>"; };
/* End PBXFileReference section */

/* Begin PBXFrameworksBuildPhase section */
		D356B62627FCCAB9003ED68F /* Frameworks */ = {
			isa = PBXFrameworksBuildPhase;
			buildActionMask = 2147483647;
			files = (
			);
			runOnlyForDeploymentPostprocessing = 0;
		};
		D356B63F27FCCABA003ED68F /* Frameworks */ = {
			isa = PBXFrameworksBuildPhase;
			buildActionMask = 2147483647;
			files = (
			);
			runOnlyForDeploymentPostprocessing = 0;
		};
		D356B64927FCCABA003ED68F /* Frameworks */ = {
			isa = PBXFrameworksBuildPhase;
			buildActionMask = 2147483647;
			files = (
			);
			runOnlyForDeploymentPostprocessing = 0;
		};
/* End PBXFrameworksBuildPhase section */

/* Begin PBXGroup section */
		D356B62027FCCAB9003ED68F = {
			isa = PBXGroup;
			children = (
				D356B62B27FCCAB9003ED68F /* FilmeNormal */,
				D356B64527FCCABA003ED68F /* FilmeNormalTests */,
				D356B64F27FCCABA003ED68F /* FilmeNormalUITests */,
				D356B62A27FCCAB9003ED68F /* Products */,
			);
			sourceTree = "<group>";
		};
		D356B62A27FCCAB9003ED68F /* Products */ = {
			isa = PBXGroup;
			children = (
				D356B62927FCCAB9003ED68F /* FilmeNormal.app */,
				D356B64227FCCABA003ED68F /* FilmeNormalTests.xctest */,
				D356B64C27FCCABA003ED68F /* FilmeNormalUITests.xctest */,
			);
			name = Products;
			sourceTree = "<group>";
		};
		D356B62B27FCCAB9003ED68F /* FilmeNormal */ = {
			isa = PBXGroup;
			children = (
				D356B62C27FCCAB9003ED68F /* AppDelegate.swift */,
				D356B62E27FCCAB9003ED68F /* SceneDelegate.swift */,
				D356B63027FCCAB9003ED68F /* ViewController.swift */,
				D356B63227FCCAB9003ED68F /* Main.storyboard */,
				D356B63827FCCAB9003ED68F /* Assets.xcassets */,
				D356B63A27FCCAB9003ED68F /* LaunchScreen.storyboard */,
				D356B63D27FCCAB9003ED68F /* Info.plist */,
				D356B63527FCCAB9003ED68F /* FilmeNormal.xcdatamodeld */,
				D356B65F27FCEC2C003ED68F /* SegundaTelaViewController.swift */,
				D356B66127FCF856003ED68F /* TabelaViewController.swift */,
			);
			path = FilmeNormal;
			sourceTree = "<group>";
		};
		D356B64527FCCABA003ED68F /* FilmeNormalTests */ = {
			isa = PBXGroup;
			children = (
				D356B64627FCCABA003ED68F /* FilmeNormalTests.swift */,
			);
			path = FilmeNormalTests;
			sourceTree = "<group>";
		};
		D356B64F27FCCABA003ED68F /* FilmeNormalUITests */ = {
			isa = PBXGroup;
			children = (
				D356B65027FCCABA003ED68F /* FilmeNormalUITests.swift */,
				D356B65227FCCABA003ED68F /* FilmeNormalUITestsLaunchTests.swift */,
			);
			path = FilmeNormalUITests;
			sourceTree = "<group>";
		};
/* End PBXGroup section */

/* Begin PBXNativeTarget section */
		D356B62827FCCAB9003ED68F /* FilmeNormal */ = {
			isa = PBXNativeTarget;
			buildConfigurationList = D356B65627FCCABA003ED68F /* Build configuration list for PBXNativeTarget "FilmeNormal" */;
			buildPhases = (
				D356B62527FCCAB9003ED68F /* Sources */,
				D356B62627FCCAB9003ED68F /* Frameworks */,
				D356B62727FCCAB9003ED68F /* Resources */,
			);
			buildRules = (
			);
			dependencies = (
			);
			name = FilmeNormal;
			productName = FilmeNormal;
			productReference = D356B62927FCCAB9003ED68F /* FilmeNormal.app */;
			productType = "com.apple.product-type.application";
		};
		D356B64127FCCABA003ED68F /* FilmeNormalTests */ = {
			isa = PBXNativeTarget;
			buildConfigurationList = D356B65927FCCABA003ED68F /* Build configuration list for PBXNativeTarget "FilmeNormalTests" */;
			buildPhases = (
				D356B63E27FCCABA003ED68F /* Sources */,
				D356B63F27FCCABA003ED68F /* Frameworks */,
				D356B64027FCCABA003ED68F /* Resources */,
			);
			buildRules = (
			);
			dependencies = (
				D356B64427FCCABA003ED68F /* PBXTargetDependency */,
			);
			name = FilmeNormalTests;
			productName = FilmeNormalTests;
			productReference = D356B64227FCCABA003ED68F /* FilmeNormalTests.xctest */;
			productType = "com.apple.product-type.bundle.unit-test";
		};
		D356B64B27FCCABA003ED68F /* FilmeNormalUITests */ = {
			isa = PBXNativeTarget;
			buildConfigurationList = D356B65C27FCCABA003ED68F /* Build configuration list for PBXNativeTarget "FilmeNormalUITests" */;
			buildPhases = (
				D356B64827FCCABA003ED68F /* Sources */,
				D356B64927FCCABA003ED68F /* Frameworks */,
				D356B64A27FCCABA003ED68F /* Resources */,
			);
			buildRules = (
			);
			dependencies = (
				D356B64E27FCCABA003ED68F /* PBXTargetDependency */,
			);
			name = FilmeNormalUITests;
			productName = FilmeNormalUITests;
			productReference = D356B64C27FCCABA003ED68F /* FilmeNormalUITests.xctest */;
			productType = "com.apple.product-type.bundle.ui-testing";
		};
/* End PBXNativeTarget section */

/* Begin PBXProject section */
		D356B62127FCCAB9003ED68F /* Project object */ = {
			isa = PBXProject;
			attributes = {
				BuildIndependentTargetsInParallel = 1;
				LastSwiftUpdateCheck = 1330;
				LastUpgradeCheck = 1330;
				TargetAttributes = {
					D356B62827FCCAB9003ED68F = {
						CreatedOnToolsVersion = 13.3;
					};
					D356B64127FCCABA003ED68F = {
						CreatedOnToolsVersion = 13.3;
						TestTargetID = D356B62827FCCAB9003ED68F;
					};
					D356B64B27FCCABA003ED68F = {
						CreatedOnToolsVersion = 13.3;
						TestTargetID = D356B62827FCCAB9003ED68F;
					};
				};
			};
			buildConfigurationList = D356B62427FCCAB9003ED68F /* Build configuration list for PBXProject "FilmeNormal" */;
			compatibilityVersion = "Xcode 13.0";
			developmentRegion = en;
			hasScannedForEncodings = 0;
			knownRegions = (
				en,
				Base,
			);
			mainGroup = D356B62027FCCAB9003ED68F;
			productRefGroup = D356B62A27FCCAB9003ED68F /* Products */;
			projectDirPath = "";
			projectRoot = "";
			targets = (
				D356B62827FCCAB9003ED68F /* FilmeNormal */,
				D356B64127FCCABA003ED68F /* FilmeNormalTests */,
				D356B64B27FCCABA003ED68F /* FilmeNormalUITests */,
			);
		};
/* End PBXProject section */

/* Begin PBXResourcesBuildPhase section */
		D356B62727FCCAB9003ED68F /* Resources */ = {
			isa = PBXResourcesBuildPhase;
			buildActionMask = 2147483647;
			files = (
				D356B63C27FCCAB9003ED68F /* LaunchScreen.storyboard in Resources */,
				D356B63927FCCAB9003ED68F /* Assets.xcassets in Resources */,
				D356B63427FCCAB9003ED68F /* Main.storyboard in Resources */,
			);
			runOnlyForDeploymentPostprocessing = 0;
		};
		D356B64027FCCABA003ED68F /* Resources */ = {
			isa = PBXResourcesBuildPhase;
			buildActionMask = 2147483647;
			files = (
			);
			runOnlyForDeploymentPostprocessing = 0;
		};
		D356B64A27FCCABA003ED68F /* Resources */ = {
			isa = PBXResourcesBuildPhase;
			buildActionMask = 2147483647;
			files = (
			);
			runOnlyForDeploymentPostprocessing = 0;
		};
/* End PBXResourcesBuildPhase section */

/* Begin PBXSourcesBuildPhase section */
		D356B62527FCCAB9003ED68F /* Sources */ = {
			isa = PBXSourcesBuildPhase;
			buildActionMask = 2147483647;
			files = (
				D356B63127FCCAB9003ED68F /* ViewController.swift in Sources */,
				D356B62D27FCCAB9003ED68F /* AppDelegate.swift in Sources */,
				D356B66027FCEC2C003ED68F /* SegundaTelaViewController.swift in Sources */,
				D356B66227FCF856003ED68F /* TabelaViewController.swift in Sources */,
				D356B63727FCCAB9003ED68F /* FilmeNormal.xcdatamodeld in Sources */,
				D356B62F27FCCAB9003ED68F /* SceneDelegate.swift in Sources */,
			);
			runOnlyForDeploymentPostprocessing = 0;
		};
		D356B63E27FCCABA003ED68F /* Sources */ = {
			isa = PBXSourcesBuildPhase;
			buildActionMask = 2147483647;
			files = (
				D356B64727FCCABA003ED68F /* FilmeNormalTests.swift in Sources */,
			);
			runOnlyForDeploymentPostprocessing = 0;
		};
		D356B64827FCCABA003ED68F /* Sources */ = {
			isa = PBXSourcesBuildPhase;
			buildActionMask = 2147483647;
			files = (
				D356B65127FCCABA003ED68F /* FilmeNormalUITests.swift in Sources */,
				D356B65327FCCABA003ED68F /* FilmeNormalUITestsLaunchTests.swift in Sources */,
			);
			runOnlyForDeploymentPostprocessing = 0;
		};
/* End PBXSourcesBuildPhase section */

/* Begin PBXTargetDependency section */
		D356B64427FCCABA003ED68F /* PBXTargetDependency */ = {
			isa = PBXTargetDependency;
			target = D356B62827FCCAB9003ED68F /* FilmeNormal */;
			targetProxy = D356B64327FCCABA003ED68F /* PBXContainerItemProxy */;
		};
		D356B64E27FCCABA003ED68F /* PBXTargetDependency */ = {
			isa = PBXTargetDependency;
			target = D356B62827FCCAB9003ED68F /* FilmeNormal */;
			targetProxy = D356B64D27FCCABA003ED68F /* PBXContainerItemProxy */;
		};
/* End PBXTargetDependency section */

/* Begin PBXVariantGroup section */
		D356B63227FCCAB9003ED68F /* Main.storyboard */ = {
			isa = PBXVariantGroup;
			children = (
				D356B63327FCCAB9003ED68F /* Base */,
			);
			name = Main.storyboard;
			sourceTree = "<group>";
		};
		D356B63A27FCCAB9003ED68F /* LaunchScreen.storyboard */ = {
			isa = PBXVariantGroup;
			children = (
				D356B63B27FCCAB9003ED68F /* Base */,
			);
			name = LaunchScreen.storyboard;
			sourceTree = "<group>";
		};
/* End PBXVariantGroup section */

/* Begin XCBuildConfiguration section */
		D356B65427FCCABA003ED68F /* Debug */ = {
			isa = XCBuildConfiguration;
			buildSettings = {
				ALWAYS_SEARCH_USER_PATHS = NO;
				CLANG_ANALYZER_NONNULL = YES;
				CLANG_ANALYZER_NUMBER_OBJECT_CONVERSION = YES_AGGRESSIVE;
				CLANG_CXX_LANGUAGE_STANDARD = "gnu++17";
				CLANG_ENABLE_MODULES = YES;
				CLANG_ENABLE_OBJC_ARC = YES;
				CLANG_ENABLE_OBJC_WEAK = YES;
				CLANG_WARN_BLOCK_CAPTURE_AUTORELEASING = YES;
				CLANG_WARN_BOOL_CONVERSION = YES;
				CLANG_WARN_COMMA = YES;
				CLANG_WARN_CONSTANT_CONVERSION = YES;
				CLANG_WARN_DEPRECATED_OBJC_IMPLEMENTATIONS = YES;
				CLANG_WARN_DIRECT_OBJC_ISA_USAGE = YES_ERROR;
				CLANG_WARN_DOCUMENTATION_COMMENTS = YES;
				CLANG_WARN_EMPTY_BODY = YES;
				CLANG_WARN_ENUM_CONVERSION = YES;
				CLANG_WARN_INFINITE_RECURSION = YES;
				CLANG_WARN_INT_CONVERSION = YES;
				CLANG_WARN_NON_LITERAL_NULL_CONVERSION = YES;
				CLANG_WARN_OBJC_IMPLICIT_RETAIN_SELF = YES;
				CLANG_WARN_OBJC_LITERAL_CONVERSION = YES;
				CLANG_WARN_OBJC_ROOT_CLASS = YES_ERROR;
				CLANG_WARN_QUOTED_INCLUDE_IN_FRAMEWORK_HEADER = YES;
				CLANG_WARN_RANGE_LOOP_ANALYSIS = YES;
				CLANG_WARN_STRICT_PROTOTYPES = YES;
				CLANG_WARN_SUSPICIOUS_MOVE = YES;
				CLANG_WARN_UNGUARDED_AVAILABILITY = YES_AGGRESSIVE;
				CLANG_WARN_UNREACHABLE_CODE = YES;
				CLANG_WARN__DUPLICATE_METHOD_MATCH = YES;
				COPY_PHASE_STRIP = NO;
				DEBUG_INFORMATION_FORMAT = dwarf;
				ENABLE_STRICT_OBJC_MSGSEND = YES;
				ENABLE_TESTABILITY = YES;
				GCC_C_LANGUAGE_STANDARD = gnu11;
				GCC_DYNAMIC_NO_PIC = NO;
				GCC_NO_COMMON_BLOCKS = YES;
				GCC_OPTIMIZATION_LEVEL = 0;
				GCC_PREPROCESSOR_DEFINITIONS = (
					"DEBUG=1",
					"$(inherited)",
				);
				GCC_WARN_64_TO_32_BIT_CONVERSION = YES;
				GCC_WARN_ABOUT_RETURN_TYPE = YES_ERROR;
				GCC_WARN_UNDECLARED_SELECTOR = YES;
				GCC_WARN_UNINITIALIZED_AUTOS = YES_AGGRESSIVE;
				GCC_WARN_UNUSED_FUNCTION = YES;
				GCC_WARN_UNUSED_VARIABLE = YES;
				IPHONEOS_DEPLOYMENT_TARGET = 15.4;
				MTL_ENABLE_DEBUG_INFO = INCLUDE_SOURCE;
				MTL_FAST_MATH = YES;
				ONLY_ACTIVE_ARCH = YES;
				SDKROOT = iphoneos;
				SWIFT_ACTIVE_COMPILATION_CONDITIONS = DEBUG;
				SWIFT_OPTIMIZATION_LEVEL = "-Onone";
			};
			name = Debug;
		};
		D356B65527FCCABA003ED68F /* Release */ = {
			isa = XCBuildConfiguration;
			buildSettings = {
				ALWAYS_SEARCH_USER_PATHS = NO;
				CLANG_ANALYZER_NONNULL = YES;
				CLANG_ANALYZER_NUMBER_OBJECT_CONVERSION = YES_AGGRESSIVE;
				CLANG_CXX_LANGUAGE_STANDARD = "gnu++17";
				CLANG_ENABLE_MODULES = YES;
				CLANG_ENABLE_OBJC_ARC = YES;
				CLANG_ENABLE_OBJC_WEAK = YES;
				CLANG_WARN_BLOCK_CAPTURE_AUTORELEASING = YES;
				CLANG_WARN_BOOL_CONVERSION = YES;
				CLANG_WARN_COMMA = YES;
				CLANG_WARN_CONSTANT_CONVERSION = YES;
				CLANG_WARN_DEPRECATED_OBJC_IMPLEMENTATIONS = YES;
				CLANG_WARN_DIRECT_OBJC_ISA_USAGE = YES_ERROR;
				CLANG_WARN_DOCUMENTATION_COMMENTS = YES;
				CLANG_WARN_EMPTY_BODY = YES;
				CLANG_WARN_ENUM_CONVERSION = YES;
				CLANG_WARN_INFINITE_RECURSION = YES;
				CLANG_WARN_INT_CONVERSION = YES;
				CLANG_WARN_NON_LITERAL_NULL_CONVERSION = YES;
				CLANG_WARN_OBJC_IMPLICIT_RETAIN_SELF = YES;
				CLANG_WARN_OBJC_LITERAL_CONVERSION = YES;
				CLANG_WARN_OBJC_ROOT_CLASS = YES_ERROR;
				CLANG_WARN_QUOTED_INCLUDE_IN_FRAMEWORK_HEADER = YES;
				CLANG_WARN_RANGE_LOOP_ANALYSIS = YES;
				CLANG_WARN_STRICT_PROTOTYPES = YES;
				CLANG_WARN_SUSPICIOUS_MOVE = YES;
				CLANG_WARN_UNGUARDED_AVAILABILITY = YES_AGGRESSIVE;
				CLANG_WARN_UNREACHABLE_CODE = YES;
				CLANG_WARN__DUPLICATE_METHOD_MATCH = YES;
				COPY_PHASE_STRIP = NO;
				DEBUG_INFORMATION_FORMAT = "dwarf-with-dsym";
				ENABLE_NS_ASSERTIONS = NO;
				ENABLE_STRICT_OBJC_MSGSEND = YES;
				GCC_C_LANGUAGE_STANDARD = gnu11;
				GCC_NO_COMMON_BLOCKS = YES;
				GCC_WARN_64_TO_32_BIT_CONVERSION = YES;
				GCC_WARN_ABOUT_RETURN_TYPE = YES_ERROR;
				GCC_WARN_UNDECLARED_SELECTOR = YES;
				GCC_WARN_UNINITIALIZED_AUTOS = YES_AGGRESSIVE;
				GCC_WARN_UNUSED_FUNCTION = YES;
				GCC_WARN_UNUSED_VARIABLE = YES;
				IPHONEOS_DEPLOYMENT_TARGET = 15.4;
				MTL_ENABLE_DEBUG_INFO = NO;
				MTL_FAST_MATH = YES;
				SDKROOT = iphoneos;
				SWIFT_COMPILATION_MODE = wholemodule;
				SWIFT_OPTIMIZATION_LEVEL = "-O";
				VALIDATE_PRODUCT = YES;
			};
			name = Release;
		};
		D356B65727FCCABA003ED68F /* Debug */ = {
			isa = XCBuildConfiguration;
			buildSettings = {
				ASSETCATALOG_COMPILER_APPICON_NAME = AppIcon;
				ASSETCATALOG_COMPILER_GLOBAL_ACCENT_COLOR_NAME = AccentColor;
				CODE_SIGN_STYLE = Automatic;
				CURRENT_PROJECT_VERSION = 1;
				GENERATE_INFOPLIST_FILE = YES;
				INFOPLIST_FILE = FilmeNormal/Info.plist;
				INFOPLIST_KEY_UIApplicationSupportsIndirectInputEvents = YES;
				INFOPLIST_KEY_UILaunchStoryboardName = LaunchScreen;
				INFOPLIST_KEY_UIMainStoryboardFile = Main;
				INFOPLIST_KEY_UISupportedInterfaceOrientations_iPad = "UIInterfaceOrientationPortrait UIInterfaceOrientationPortraitUpsideDown UIInterfaceOrientationLandscapeLeft UIInterfaceOrientationLandscapeRight";
				INFOPLIST_KEY_UISupportedInterfaceOrientations_iPhone = "UIInterfaceOrientationPortrait UIInterfaceOrientationLandscapeLeft UIInterfaceOrientationLandscapeRight";
				LD_RUNPATH_SEARCH_PATHS = (
					"$(inherited)",
					"@executable_path/Frameworks",
				);
				MARKETING_VERSION = 1.0;
				PRODUCT_BUNDLE_IDENTIFIER = br.com.brq.FilmeNormal;
				PRODUCT_NAME = "$(TARGET_NAME)";
				SWIFT_EMIT_LOC_STRINGS = YES;
				SWIFT_VERSION = 5.0;
				TARGETED_DEVICE_FAMILY = "1,2";
			};
			name = Debug;
		};
		D356B65827FCCABA003ED68F /* Release */ = {
			isa = XCBuildConfiguration;
			buildSettings = {
				ASSETCATALOG_COMPILER_APPICON_NAME = AppIcon;
				ASSETCATALOG_COMPILER_GLOBAL_ACCENT_COLOR_NAME = AccentColor;
				CODE_SIGN_STYLE = Automatic;
				CURRENT_PROJECT_VERSION = 1;
				GENERATE_INFOPLIST_FILE = YES;
				INFOPLIST_FILE = FilmeNormal/Info.plist;
				INFOPLIST_KEY_UIApplicationSupportsIndirectInputEvents = YES;
				INFOPLIST_KEY_UILaunchStoryboardName = LaunchScreen;
				INFOPLIST_KEY_UIMainStoryboardFile = Main;
				INFOPLIST_KEY_UISupportedInterfaceOrientations_iPad = "UIInterfaceOrientationPortrait UIInterfaceOrientationPortraitUpsideDown UIInterfaceOrientationLandscapeLeft UIInterfaceOrientationLandscapeRight";
				INFOPLIST_KEY_UISupportedInterfaceOrientations_iPhone = "UIInterfaceOrientationPortrait UIInterfaceOrientationLandscapeLeft UIInterfaceOrientationLandscapeRight";
				LD_RUNPATH_SEARCH_PATHS = (
					"$(inherited)",
					"@executable_path/Frameworks",
				);
				MARKETING_VERSION = 1.0;
				PRODUCT_BUNDLE_IDENTIFIER = br.com.brq.FilmeNormal;
				PRODUCT_NAME = "$(TARGET_NAME)";
				SWIFT_EMIT_LOC_STRINGS = YES;
				SWIFT_VERSION = 5.0;
				TARGETED_DEVICE_FAMILY = "1,2";
			};
			name = Release;
		};
		D356B65A27FCCABA003ED68F /* Debug */ = {
			isa = XCBuildConfiguration;
			buildSettings = {
				ALWAYS_EMBED_SWIFT_STANDARD_LIBRARIES = YES;
				BUNDLE_LOADER = "$(TEST_HOST)";
				CODE_SIGN_STYLE = Automatic;
				CURRENT_PROJECT_VERSION = 1;
				GENERATE_INFOPLIST_FILE = YES;
				IPHONEOS_DEPLOYMENT_TARGET = 15.4;
				MARKETING_VERSION = 1.0;
				PRODUCT_BUNDLE_IDENTIFIER = br.com.brq.FilmeNormalTests;
				PRODUCT_NAME = "$(TARGET_NAME)";
				SWIFT_EMIT_LOC_STRINGS = NO;
				SWIFT_VERSION = 5.0;
				TARGETED_DEVICE_FAMILY = "1,2";
				TEST_HOST = "$(BUILT_PRODUCTS_DIR)/FilmeNormal.app/FilmeNormal";
			};
			name = Debug;
		};
		D356B65B27FCCABA003ED68F /* Release */ = {
			isa = XCBuildConfiguration;
			buildSettings = {
				ALWAYS_EMBED_SWIFT_STANDARD_LIBRARIES = YES;
				BUNDLE_LOADER = "$(TEST_HOST)";
				CODE_SIGN_STYLE = Automatic;
				CURRENT_PROJECT_VERSION = 1;
				GENERATE_INFOPLIST_FILE = YES;
				IPHONEOS_DEPLOYMENT_TARGET = 15.4;
				MARKETING_VERSION = 1.0;
				PRODUCT_BUNDLE_IDENTIFIER = br.com.brq.FilmeNormalTests;
				PRODUCT_NAME = "$(TARGET_NAME)";
				SWIFT_EMIT_LOC_STRINGS = NO;
				SWIFT_VERSION = 5.0;
				TARGETED_DEVICE_FAMILY = "1,2";
				TEST_HOST = "$(BUILT_PRODUCTS_DIR)/FilmeNormal.app/FilmeNormal";
			};
			name = Release;
		};
		D356B65D27FCCABA003ED68F /* Debug */ = {
			isa = XCBuildConfiguration;
			buildSettings = {
				ALWAYS_EMBED_SWIFT_STANDARD_LIBRARIES = YES;
				CODE_SIGN_STYLE = Automatic;
				CURRENT_PROJECT_VERSION = 1;
				GENERATE_INFOPLIST_FILE = YES;
				MARKETING_VERSION = 1.0;
				PRODUCT_BUNDLE_IDENTIFIER = br.com.brq.FilmeNormalUITests;
				PRODUCT_NAME = "$(TARGET_NAME)";
				SWIFT_EMIT_LOC_STRINGS = NO;
				SWIFT_VERSION = 5.0;
				TARGETED_DEVICE_FAMILY = "1,2";
				TEST_TARGET_NAME = FilmeNormal;
			};
			name = Debug;
		};
		D356B65E27FCCABA003ED68F /* Release */ = {
			isa = XCBuildConfiguration;
			buildSettings = {
				ALWAYS_EMBED_SWIFT_STANDARD_LIBRARIES = YES;
				CODE_SIGN_STYLE = Automatic;
				CURRENT_PROJECT_VERSION = 1;
				GENERATE_INFOPLIST_FILE = YES;
				MARKETING_VERSION = 1.0;
				PRODUCT_BUNDLE_IDENTIFIER = br.com.brq.FilmeNormalUITests;
				PRODUCT_NAME = "$(TARGET_NAME)";
				SWIFT_EMIT_LOC_STRINGS = NO;
				SWIFT_VERSION = 5.0;
				TARGETED_DEVICE_FAMILY = "1,2";
				TEST_TARGET_NAME = FilmeNormal;
			};
			name = Release;
		};
/* End XCBuildConfiguration section */

/* Begin XCConfigurationList section */
		D356B62427FCCAB9003ED68F /* Build configuration list for PBXProject "FilmeNormal" */ = {
			isa = XCConfigurationList;
			buildConfigurations = (
				D356B65427FCCABA003ED68F /* Debug */,
				D356B65527FCCABA003ED68F /* Release */,
			);
			defaultConfigurationIsVisible = 0;
			defaultConfigurationName = Release;
		};
		D356B65627FCCABA003ED68F /* Build configuration list for PBXNativeTarget "FilmeNormal" */ = {
			isa = XCConfigurationList;
			buildConfigurations = (
				D356B65727FCCABA003ED68F /* Debug */,
				D356B65827FCCABA003ED68F /* Release */,
			);
			defaultConfigurationIsVisible = 0;
			defaultConfigurationName = Release;
		};
		D356B65927FCCABA003ED68F /* Build configuration list for PBXNativeTarget "FilmeNormalTests" */ = {
			isa = XCConfigurationList;
			buildConfigurations = (
				D356B65A27FCCABA003ED68F /* Debug */,
				D356B65B27FCCABA003ED68F /* Release */,
			);
			defaultConfigurationIsVisible = 0;
			defaultConfigurationName = Release;
		};
		D356B65C27FCCABA003ED68F /* Build configuration list for PBXNativeTarget "FilmeNormalUITests" */ = {
			isa = XCConfigurationList;
			buildConfigurations = (
				D356B65D27FCCABA003ED68F /* Debug */,
				D356B65E27FCCABA003ED68F /* Release */,
			);
			defaultConfigurationIsVisible = 0;
			defaultConfigurationName = Release;
		};
/* End XCConfigurationList section */

/* Begin XCVersionGroup section */
		D356B63527FCCAB9003ED68F /* FilmeNormal.xcdatamodeld */ = {
			isa = XCVersionGroup;
			children = (
				D356B63627FCCAB9003ED68F /* FilmeNormal.xcdatamodel */,
			);
			currentVersion = D356B63627FCCAB9003ED68F /* FilmeNormal.xcdatamodel */;
			path = FilmeNormal.xcdatamodeld;
			sourceTree = "<group>";
			versionGroupType = wrapper.xcdatamodel;
		};
/* End XCVersionGroup section */
	};
	rootObject = D356B62127FCCAB9003ED68F /* Project object */;
}
